
Microsoft Visual Studio Solution File, Format Version 12.00
# Visual Studio Version 17
VisualStudioVersion = 17.5.33103.201
MinimumVisualStudioVersion = 10.0.40219.1
Project("{2150E333-8FDC-42A3-9474-1A3956D46DE8}") = "src", "src", "{F31D9006-FE20-41D9-993B-628745FC639D}"
EndProject
Project("{9A19103F-16F7-4668-BE54-9A1E7A4F7556}") = "Token.Module", "src\Token.Module\Token.Module.csproj", "{F7A2E814-16AB-4B76-8752-00BCF739B7B3}"
EndProject
Project("{2150E333-8FDC-42A3-9474-1A3956D46DE8}") = "test", "test", "{F83830C2-11E8-4180-93D4-BFA38EDF21E9}"
EndProject
Project("{9A19103F-16F7-4668-BE54-9A1E7A4F7556}") = "Token.EventBus", "src\Token.EventBus\Token.EventBus.csproj", "{2832B3A5-966E-419D-A33E-53AC146F493D}"
EndProject
Project("{2150E333-8FDC-42A3-9474-1A3956D46DE8}") = "event", "event", "{EF1310DC-DC47-48E2-9DFB-EBBC1CA41F4C}"
EndProject
Project("{2150E333-8FDC-42A3-9474-1A3956D46DE8}") = "module", "module", "{BFD8B45E-7860-4C88-8E16-F845733F1769}"
EndProject
Project("{9A19103F-16F7-4668-BE54-9A1E7A4F7556}") = "Test.Token.Module", "test\module\Test.Token.Module\Test.Token.Module.csproj", "{A6EAD358-AFFF-4BB6-9871-214AF021FA75}"
EndProject
Project("{9A19103F-16F7-4668-BE54-9A1E7A4F7556}") = "Test.Application", "test\module\Test.Application\Test.Application.csproj", "{340F49E8-0897-4F2C-825E-F108078BF289}"
EndProject
Project("{9A19103F-16F7-4668-BE54-9A1E7A4F7556}") = "Test.Token.EventBus", "test\event\Test.Token.EventBus\Test.Token.EventBus.csproj", "{2F413E4D-9A82-4A27-8D07-25483A63382F}"
EndProject
Project("{2150E333-8FDC-42A3-9474-1A3956D46DE8}") = "Resource", "Resource", "{95C34B1F-A995-479A-9177-FDB64B247B94}"
	ProjectSection(SolutionItems) = preProject
		common.props = common.props
		logo.png = logo.png
		README.md = README.md
	EndProjectSection
EndProject
Global
	GlobalSection(SolutionConfigurationPlatforms) = preSolution
		Debug|Any CPU = Debug|Any CPU
		Release|Any CPU = Release|Any CPU
	EndGlobalSection
	GlobalSection(ProjectConfigurationPlatforms) = postSolution
		{F7A2E814-16AB-4B76-8752-00BCF739B7B3}.Debug|Any CPU.ActiveCfg = Debug|Any CPU
		{F7A2E814-16AB-4B76-8752-00BCF739B7B3}.Debug|Any CPU.Build.0 = Debug|Any CPU
		{F7A2E814-16AB-4B76-8752-00BCF739B7B3}.Release|Any CPU.ActiveCfg = Release|Any CPU
		{F7A2E814-16AB-4B76-8752-00BCF739B7B3}.Release|Any CPU.Build.0 = Release|Any CPU
		{2832B3A5-966E-419D-A33E-53AC146F493D}.Debug|Any CPU.ActiveCfg = Debug|Any CPU
		{2832B3A5-966E-419D-A33E-53AC146F493D}.Debug|Any CPU.Build.0 = Debug|Any CPU
		{2832B3A5-966E-419D-A33E-53AC146F493D}.Release|Any CPU.ActiveCfg = Release|Any CPU
		{2832B3A5-966E-419D-A33E-53AC146F493D}.Release|Any CPU.Build.0 = Release|Any CPU
		{A6EAD358-AFFF-4BB6-9871-214AF021FA75}.Debug|Any CPU.ActiveCfg = Debug|Any CPU
		{A6EAD358-AFFF-4BB6-9871-214AF021FA75}.Debug|Any CPU.Build.0 = Debug|Any CPU
		{A6EAD358-AFFF-4BB6-9871-214AF021FA75}.Release|Any CPU.ActiveCfg = Release|Any CPU
		{A6EAD358-AFFF-4BB6-9871-214AF021FA75}.Release|Any CPU.Build.0 = Release|Any CPU
		{340F49E8-0897-4F2C-825E-F108078BF289}.Debug|Any CPU.ActiveCfg = Debug|Any CPU
		{340F49E8-0897-4F2C-825E-F108078BF289}.Debug|Any CPU.Build.0 = Debug|Any CPU
		{340F49E8-0897-4F2C-825E-F108078BF289}.Release|Any CPU.ActiveCfg = Release|Any CPU
		{340F49E8-0897-4F2C-825E-F108078BF289}.Release|Any CPU.Build.0 = Release|Any CPU
		{2F413E4D-9A82-4A27-8D07-25483A63382F}.Debug|Any CPU.ActiveCfg = Debug|Any CPU
		{2F413E4D-9A82-4A27-8D07-25483A63382F}.Debug|Any CPU.Build.0 = Debug|Any CPU
		{2F413E4D-9A82-4A27-8D07-25483A63382F}.Release|Any CPU.ActiveCfg = Release|Any CPU
		{2F413E4D-9A82-4A27-8D07-25483A63382F}.Release|Any CPU.Build.0 = Release|Any CPU
	EndGlobalSection
	GlobalSection(SolutionProperties) = preSolution
		HideSolutionNode = FALSE
	EndGlobalSection
	GlobalSection(NestedProjects) = preSolution
		{F7A2E814-16AB-4B76-8752-00BCF739B7B3} = {F31D9006-FE20-41D9-993B-628745FC639D}
		{2832B3A5-966E-419D-A33E-53AC146F493D} = {F31D9006-FE20-41D9-993B-628745FC639D}
		{EF1310DC-DC47-48E2-9DFB-EBBC1CA41F4C} = {F83830C2-11E8-4180-93D4-BFA38EDF21E9}
		{BFD8B45E-7860-4C88-8E16-F845733F1769} = {F83830C2-11E8-4180-93D4-BFA38EDF21E9}
		{A6EAD358-AFFF-4BB6-9871-214AF021FA75} = {BFD8B45E-7860-4C88-8E16-F845733F1769}
		{340F49E8-0897-4F2C-825E-F108078BF289} = {BFD8B45E-7860-4C88-8E16-F845733F1769}
		{2F413E4D-9A82-4A27-8D07-25483A63382F} = {EF1310DC-DC47-48E2-9DFB-EBBC1CA41F4C}
	EndGlobalSection
	GlobalSection(ExtensibilityGlobals) = postSolution
		SolutionGuid = {898CD1F5-6225-4CF0-8214-4096E2B559E8}
	EndGlobalSection
EndGlobal
