
Microsoft Visual Studio Solution File, Format Version 12.00
Project("{2150E333-8FDC-42A3-9474-1A3956D46DE8}") = "src", "src", "{F31D9006-FE20-41D9-993B-628745FC639D}"
EndProject
Project("{FAE04EC0-301F-11D3-BF4B-00C04F79EFBC}") = "Token.Module", "src\Token.Module\Token.Module.csproj", "{F7A2E814-16AB-4B76-8752-00BCF739B7B3}"
EndProject
Project("{2150E333-8FDC-42A3-9474-1A3956D46DE8}") = "test", "test", "{F83830C2-11E8-4180-93D4-BFA38EDF21E9}"
EndProject
Project("{FAE04EC0-301F-11D3-BF4B-00C04F79EFBC}") = "NetCoreTest", "test\NetCoreTest\NetCoreTest.csproj", "{3890287B-4312-476C-B640-A7D0ABC31BD9}"
EndProject
Project("{FAE04EC0-301F-11D3-BF4B-00C04F79EFBC}") = "NetCore.Application", "test\NetCore.Application\NetCore.Application.csproj", "{A94CBD58-553E-4D40-BDC0-4E10F5D2D0AF}"
EndProject
Global
	GlobalSection(SolutionConfigurationPlatforms) = preSolution
		Debug|Any CPU = Debug|Any CPU
		Release|Any CPU = Release|Any CPU
	EndGlobalSection
	GlobalSection(ProjectConfigurationPlatforms) = postSolution
		{F7A2E814-16AB-4B76-8752-00BCF739B7B3}.Debug|Any CPU.ActiveCfg = Debug|Any CPU
		{F7A2E814-16AB-4B76-8752-00BCF739B7B3}.Debug|Any CPU.Build.0 = Debug|Any CPU
		{F7A2E814-16AB-4B76-8752-00BCF739B7B3}.Release|Any CPU.ActiveCfg = Release|Any CPU
		{F7A2E814-16AB-4B76-8752-00BCF739B7B3}.Release|Any CPU.Build.0 = Release|Any CPU
		{3890287B-4312-476C-B640-A7D0ABC31BD9}.Debug|Any CPU.ActiveCfg = Debug|Any CPU
		{3890287B-4312-476C-B640-A7D0ABC31BD9}.Debug|Any CPU.Build.0 = Debug|Any CPU
		{3890287B-4312-476C-B640-A7D0ABC31BD9}.Release|Any CPU.ActiveCfg = Release|Any CPU
		{3890287B-4312-476C-B640-A7D0ABC31BD9}.Release|Any CPU.Build.0 = Release|Any CPU
		{A94CBD58-553E-4D40-BDC0-4E10F5D2D0AF}.Debug|Any CPU.ActiveCfg = Debug|Any CPU
		{A94CBD58-553E-4D40-BDC0-4E10F5D2D0AF}.Debug|Any CPU.Build.0 = Debug|Any CPU
		{A94CBD58-553E-4D40-BDC0-4E10F5D2D0AF}.Release|Any CPU.ActiveCfg = Release|Any CPU
		{A94CBD58-553E-4D40-BDC0-4E10F5D2D0AF}.Release|Any CPU.Build.0 = Release|Any CPU
	EndGlobalSection
	GlobalSection(NestedProjects) = preSolution
		{F7A2E814-16AB-4B76-8752-00BCF739B7B3} = {F31D9006-FE20-41D9-993B-628745FC639D}
		{3890287B-4312-476C-B640-A7D0ABC31BD9} = {F83830C2-11E8-4180-93D4-BFA38EDF21E9}
		{A94CBD58-553E-4D40-BDC0-4E10F5D2D0AF} = {F83830C2-11E8-4180-93D4-BFA38EDF21E9}
	EndGlobalSection
EndGlobal
