
Microsoft Visual Studio Solution File, Format Version 12.00
Project("{2150E333-8FDC-42A3-9474-1A3956D46DE8}") = "src", "src", "{F31D9006-FE20-41D9-993B-628745FC639D}"
EndProject
Project("{FAE04EC0-301F-11D3-BF4B-00C04F79EFBC}") = "Token.Module", "src\Token.Module\Token.Module.csproj", "{F7A2E814-16AB-4B76-8752-00BCF739B7B3}"
EndProject
Project("{2150E333-8FDC-42A3-9474-1A3956D46DE8}") = "test", "test", "{F83830C2-11E8-4180-93D4-BFA38EDF21E9}"
EndProject
Project("{FAE04EC0-301F-11D3-BF4B-00C04F79EFBC}") = "NetCoreTest", "test\NetCoreTest\NetCoreTest.csproj", "{3890287B-4312-476C-B640-A7D0ABC31BD9}"
EndProject
Project("{FAE04EC0-301F-11D3-BF4B-00C04F79EFBC}") = "NetCore.Application", "test\NetCore.Application\NetCore.Application.csproj", "{A94CBD58-553E-4D40-BDC0-4E10F5D2D0AF}"
EndProject
Project("{FAE04EC0-301F-11D3-BF4B-00C04F79EFBC}") = "NetCore.Application.Contracts", "test\NetCore.Application.Contracts\NetCore.Application.Contracts.csproj", "{AF7D627E-4C57-4098-A12A-6226849D6ED4}"
EndProject
Project("{FAE04EC0-301F-11D3-BF4B-00C04F79EFBC}") = "NetCore.Domain", "test\NetCore.Domain\NetCore.Domain.csproj", "{BC0E066D-2588-489A-BEAD-7B0B3688F57F}"
EndProject
Project("{FAE04EC0-301F-11D3-BF4B-00C04F79EFBC}") = "NetCore.HttpApi", "test\NetCore.HttpApi\NetCore.HttpApi.csproj", "{C4F54288-4F2E-49E2-A7C4-6D492B32C5E8}"
EndProject
Project("{FAE04EC0-301F-11D3-BF4B-00C04F79EFBC}") = "Token.MAUI.Module", "src\Token.MAUI.Module\Token.MAUI.Module.csproj", "{893B8A3B-EB34-4B9E-87AE-045F23643890}"
EndProject
Project("{FAE04EC0-301F-11D3-BF4B-00C04F79EFBC}") = "NetCore.MAUI.Test", "test\NetCore.MAUI.Test\NetCore.MAUI.Test.csproj", "{54876159-0E61-4298-83AF-AAA5CC4D6F19}"
EndProject
Project("{FAE04EC0-301F-11D3-BF4B-00C04F79EFBC}") = "Token.EventBus", "src\Token.EventBus\Token.EventBus.csproj", "{2832B3A5-966E-419D-A33E-53AC146F493D}"
EndProject
Project("{2150E333-8FDC-42A3-9474-1A3956D46DE8}") = "event", "event", "{EF1310DC-DC47-48E2-9DFB-EBBC1CA41F4C}"
EndProject
Project("{FAE04EC0-301F-11D3-BF4B-00C04F79EFBC}") = "NetCore.Event", "test\event\NetCore.Event\NetCore.Event.csproj", "{E5A597DF-443B-4B75-A573-67231FFF18BA}"
EndProject
Global
	GlobalSection(SolutionConfigurationPlatforms) = preSolution
		Debug|Any CPU = Debug|Any CPU
		Release|Any CPU = Release|Any CPU
	EndGlobalSection
	GlobalSection(ProjectConfigurationPlatforms) = postSolution
		{F7A2E814-16AB-4B76-8752-00BCF739B7B3}.Debug|Any CPU.ActiveCfg = Debug|Any CPU
		{F7A2E814-16AB-4B76-8752-00BCF739B7B3}.Debug|Any CPU.Build.0 = Debug|Any CPU
		{F7A2E814-16AB-4B76-8752-00BCF739B7B3}.Release|Any CPU.ActiveCfg = Release|Any CPU
		{F7A2E814-16AB-4B76-8752-00BCF739B7B3}.Release|Any CPU.Build.0 = Release|Any CPU
		{3890287B-4312-476C-B640-A7D0ABC31BD9}.Debug|Any CPU.ActiveCfg = Debug|Any CPU
		{3890287B-4312-476C-B640-A7D0ABC31BD9}.Debug|Any CPU.Build.0 = Debug|Any CPU
		{3890287B-4312-476C-B640-A7D0ABC31BD9}.Release|Any CPU.ActiveCfg = Release|Any CPU
		{3890287B-4312-476C-B640-A7D0ABC31BD9}.Release|Any CPU.Build.0 = Release|Any CPU
		{A94CBD58-553E-4D40-BDC0-4E10F5D2D0AF}.Debug|Any CPU.ActiveCfg = Debug|Any CPU
		{A94CBD58-553E-4D40-BDC0-4E10F5D2D0AF}.Debug|Any CPU.Build.0 = Debug|Any CPU
		{A94CBD58-553E-4D40-BDC0-4E10F5D2D0AF}.Release|Any CPU.ActiveCfg = Release|Any CPU
		{A94CBD58-553E-4D40-BDC0-4E10F5D2D0AF}.Release|Any CPU.Build.0 = Release|Any CPU
		{AF7D627E-4C57-4098-A12A-6226849D6ED4}.Debug|Any CPU.ActiveCfg = Debug|Any CPU
		{AF7D627E-4C57-4098-A12A-6226849D6ED4}.Debug|Any CPU.Build.0 = Debug|Any CPU
		{AF7D627E-4C57-4098-A12A-6226849D6ED4}.Release|Any CPU.ActiveCfg = Release|Any CPU
		{AF7D627E-4C57-4098-A12A-6226849D6ED4}.Release|Any CPU.Build.0 = Release|Any CPU
		{BC0E066D-2588-489A-BEAD-7B0B3688F57F}.Debug|Any CPU.ActiveCfg = Debug|Any CPU
		{BC0E066D-2588-489A-BEAD-7B0B3688F57F}.Debug|Any CPU.Build.0 = Debug|Any CPU
		{BC0E066D-2588-489A-BEAD-7B0B3688F57F}.Release|Any CPU.ActiveCfg = Release|Any CPU
		{BC0E066D-2588-489A-BEAD-7B0B3688F57F}.Release|Any CPU.Build.0 = Release|Any CPU
		{C4F54288-4F2E-49E2-A7C4-6D492B32C5E8}.Debug|Any CPU.ActiveCfg = Debug|Any CPU
		{C4F54288-4F2E-49E2-A7C4-6D492B32C5E8}.Debug|Any CPU.Build.0 = Debug|Any CPU
		{C4F54288-4F2E-49E2-A7C4-6D492B32C5E8}.Release|Any CPU.ActiveCfg = Release|Any CPU
		{C4F54288-4F2E-49E2-A7C4-6D492B32C5E8}.Release|Any CPU.Build.0 = Release|Any CPU
		{893B8A3B-EB34-4B9E-87AE-045F23643890}.Debug|Any CPU.ActiveCfg = Debug|Any CPU
		{893B8A3B-EB34-4B9E-87AE-045F23643890}.Debug|Any CPU.Build.0 = Debug|Any CPU
		{893B8A3B-EB34-4B9E-87AE-045F23643890}.Release|Any CPU.ActiveCfg = Release|Any CPU
		{893B8A3B-EB34-4B9E-87AE-045F23643890}.Release|Any CPU.Build.0 = Release|Any CPU
		{54876159-0E61-4298-83AF-AAA5CC4D6F19}.Debug|Any CPU.ActiveCfg = Debug|Any CPU
		{54876159-0E61-4298-83AF-AAA5CC4D6F19}.Debug|Any CPU.Build.0 = Debug|Any CPU
		{54876159-0E61-4298-83AF-AAA5CC4D6F19}.Release|Any CPU.ActiveCfg = Release|Any CPU
		{54876159-0E61-4298-83AF-AAA5CC4D6F19}.Release|Any CPU.Build.0 = Release|Any CPU
		{2832B3A5-966E-419D-A33E-53AC146F493D}.Debug|Any CPU.ActiveCfg = Debug|Any CPU
		{2832B3A5-966E-419D-A33E-53AC146F493D}.Debug|Any CPU.Build.0 = Debug|Any CPU
		{2832B3A5-966E-419D-A33E-53AC146F493D}.Release|Any CPU.ActiveCfg = Release|Any CPU
		{2832B3A5-966E-419D-A33E-53AC146F493D}.Release|Any CPU.Build.0 = Release|Any CPU
		{E5A597DF-443B-4B75-A573-67231FFF18BA}.Debug|Any CPU.ActiveCfg = Debug|Any CPU
		{E5A597DF-443B-4B75-A573-67231FFF18BA}.Debug|Any CPU.Build.0 = Debug|Any CPU
		{E5A597DF-443B-4B75-A573-67231FFF18BA}.Release|Any CPU.ActiveCfg = Release|Any CPU
		{E5A597DF-443B-4B75-A573-67231FFF18BA}.Release|Any CPU.Build.0 = Release|Any CPU
	EndGlobalSection
	GlobalSection(NestedProjects) = preSolution
		{F7A2E814-16AB-4B76-8752-00BCF739B7B3} = {F31D9006-FE20-41D9-993B-628745FC639D}
		{3890287B-4312-476C-B640-A7D0ABC31BD9} = {F83830C2-11E8-4180-93D4-BFA38EDF21E9}
		{A94CBD58-553E-4D40-BDC0-4E10F5D2D0AF} = {F83830C2-11E8-4180-93D4-BFA38EDF21E9}
		{AF7D627E-4C57-4098-A12A-6226849D6ED4} = {F83830C2-11E8-4180-93D4-BFA38EDF21E9}
		{BC0E066D-2588-489A-BEAD-7B0B3688F57F} = {F83830C2-11E8-4180-93D4-BFA38EDF21E9}
		{C4F54288-4F2E-49E2-A7C4-6D492B32C5E8} = {F83830C2-11E8-4180-93D4-BFA38EDF21E9}
		{893B8A3B-EB34-4B9E-87AE-045F23643890} = {F31D9006-FE20-41D9-993B-628745FC639D}
		{54876159-0E61-4298-83AF-AAA5CC4D6F19} = {F83830C2-11E8-4180-93D4-BFA38EDF21E9}
		{2832B3A5-966E-419D-A33E-53AC146F493D} = {F31D9006-FE20-41D9-993B-628745FC639D}
		{EF1310DC-DC47-48E2-9DFB-EBBC1CA41F4C} = {F83830C2-11E8-4180-93D4-BFA38EDF21E9}
		{E5A597DF-443B-4B75-A573-67231FFF18BA} = {EF1310DC-DC47-48E2-9DFB-EBBC1CA41F4C}
	EndGlobalSection
EndGlobal
